
Microsoft Visual Studio Solution File, Format Version 12.00
# Visual Studio Version 17
VisualStudioVersion = 17.5.002.0
MinimumVisualStudioVersion = 10.0.40219.1
Project("{9A19103F-16F7-4668-BE54-9A1E7A4F7556}") = "Code1stUsersRoles", "Code1stUsersRoles.csproj", "{199AD9A2-74DC-46E5-BD99-F2F66D50FD91}"
EndProject
Global
	GlobalSection(SolutionConfigurationPlatforms) = preSolution
		Debug|Any CPU = Debug|Any CPU
		Release|Any CPU = Release|Any CPU
	EndGlobalSection
	GlobalSection(ProjectConfigurationPlatforms) = postSolution
		{199AD9A2-74DC-46E5-BD99-F2F66D50FD91}.Debug|Any CPU.ActiveCfg = Debug|Any CPU
		{199AD9A2-74DC-46E5-BD99-F2F66D50FD91}.Debug|Any CPU.Build.0 = Debug|Any CPU
		{199AD9A2-74DC-46E5-BD99-F2F66D50FD91}.Release|Any CPU.ActiveCfg = Release|Any CPU
		{199AD9A2-74DC-46E5-BD99-F2F66D50FD91}.Release|Any CPU.Build.0 = Release|Any CPU
	EndGlobalSection
	GlobalSection(SolutionProperties) = preSolution
		HideSolutionNode = FALSE
	EndGlobalSection
	GlobalSection(ExtensibilityGlobals) = postSolution
		SolutionGuid = {8B80B368-9709-43EA-8DD6-C83EB17744B2}
	EndGlobalSection
EndGlobal
